
Microsoft Visual Studio Solution File, Format Version 12.00
# Visual Studio Version 16
VisualStudioVersion = 16.0.810.16
MinimumVisualStudioVersion = 10.0.40219.1
Project("{FAE04EC0-301F-11D3-BF4B-00C04F79EFBC}") = "Madeleine", "Madeleine.csproj", "{0D335C5B-0A3B-49BC-8F5E-5CFC4A6FE681}"
EndProject
Global
	GlobalSection(SolutionConfigurationPlatforms) = preSolution
		Debug|Any CPU = Debug|Any CPU
		Release|Any CPU = Release|Any CPU
	EndGlobalSection
	GlobalSection(ProjectConfigurationPlatforms) = postSolution
		{0D335C5B-0A3B-49BC-8F5E-5CFC4A6FE681}.Debug|Any CPU.ActiveCfg = Debug|Any CPU
		{0D335C5B-0A3B-49BC-8F5E-5CFC4A6FE681}.Debug|Any CPU.Build.0 = Debug|Any CPU
		{0D335C5B-0A3B-49BC-8F5E-5CFC4A6FE681}.Release|Any CPU.ActiveCfg = Release|Any CPU
		{0D335C5B-0A3B-49BC-8F5E-5CFC4A6FE681}.Release|Any CPU.Build.0 = Release|Any CPU
	EndGlobalSection
	GlobalSection(SolutionProperties) = preSolution
		HideSolutionNode = FALSE
	EndGlobalSection
	GlobalSection(ExtensibilityGlobals) = postSolution
		SolutionGuid = {571A2711-99F8-494A-8DE8-A6F9CC29D283}
	EndGlobalSection
EndGlobal
